
Microsoft Visual Studio Solution File, Format Version 12.00
# Visual Studio Version 16
VisualStudioVersion = 16.0.29009.5
MinimumVisualStudioVersion = 10.0.40219.1
Project("{FAE04EC0-301F-11D3-BF4B-00C04F79EFBC}") = "SeleniumCodingExercises", "SeleniumCodingExercises.csproj", "{66F0DBAB-0B73-4127-8E1A-3024944D5853}"
EndProject
Global
	GlobalSection(SolutionConfigurationPlatforms) = preSolution
		Debug|Any CPU = Debug|Any CPU
		Release|Any CPU = Release|Any CPU
	EndGlobalSection
	GlobalSection(ProjectConfigurationPlatforms) = postSolution
		{66F0DBAB-0B73-4127-8E1A-3024944D5853}.Debug|Any CPU.ActiveCfg = Debug|Any CPU
		{66F0DBAB-0B73-4127-8E1A-3024944D5853}.Debug|Any CPU.Build.0 = Debug|Any CPU
		{66F0DBAB-0B73-4127-8E1A-3024944D5853}.Release|Any CPU.ActiveCfg = Release|Any CPU
		{66F0DBAB-0B73-4127-8E1A-3024944D5853}.Release|Any CPU.Build.0 = Release|Any CPU
	EndGlobalSection
	GlobalSection(SolutionProperties) = preSolution
		HideSolutionNode = FALSE
	EndGlobalSection
	GlobalSection(ExtensibilityGlobals) = postSolution
		SolutionGuid = {FAADE968-17F4-419E-944A-396D112A00FE}
	EndGlobalSection
EndGlobal
